
Microsoft Visual Studio Solution File, Format Version 12.00
# Visual Studio Version 16
VisualStudioVersion = 16.0.30225.117
MinimumVisualStudioVersion = 10.0.40219.1
Project("{9A19103F-16F7-4668-BE54-9A1E7A4F7556}") = "Aspen", "Aspen\Aspen.csproj", "{982B7E5A-C960-4E2E-A712-A400E771965A}"
EndProject
Project("{9A19103F-16F7-4668-BE54-9A1E7A4F7556}") = "AspenTest", "AspenTest\AspenTest.csproj", "{F6AF7D88-C16C-4312-985A-9355027CB490}"
EndProject
Project("{FAE04EC0-301F-11D3-BF4B-00C04F79EFBC}") = "LibUsbDfu", "Vendor\LibUsbDfu\LibUsbDfu.csproj", "{102D9FDD-C96A-4AA7-BC02-77826253DD6F}"
EndProject
Project("{FAE04EC0-301F-11D3-BF4B-00C04F79EFBC}") = "DeviceProgramming", "Vendor\DeviceProgramming\DeviceProgramming.csproj", "{85A7593E-3EC9-4B31-99F5-CA526B825F08}"
EndProject
Project("{FAE04EC0-301F-11D3-BF4B-00C04F79EFBC}") = "AspenExample", "AspenExample\AspenExample.csproj", "{0D75ECD7-ECAC-4822-ADF1-0CCC3524323D}"
EndProject
Global
	GlobalSection(SolutionConfigurationPlatforms) = preSolution
		Debug|Any CPU = Debug|Any CPU
		Debug|x64 = Debug|x64
		Debug|x86 = Debug|x86
		Release|Any CPU = Release|Any CPU
		Release|x64 = Release|x64
		Release|x86 = Release|x86
	EndGlobalSection
	GlobalSection(ProjectConfigurationPlatforms) = postSolution
		{982B7E5A-C960-4E2E-A712-A400E771965A}.Debug|Any CPU.ActiveCfg = Debug|Any CPU
		{982B7E5A-C960-4E2E-A712-A400E771965A}.Debug|Any CPU.Build.0 = Debug|Any CPU
		{982B7E5A-C960-4E2E-A712-A400E771965A}.Debug|x64.ActiveCfg = Debug|Any CPU
		{982B7E5A-C960-4E2E-A712-A400E771965A}.Debug|x64.Build.0 = Debug|Any CPU
		{982B7E5A-C960-4E2E-A712-A400E771965A}.Debug|x86.ActiveCfg = Debug|Any CPU
		{982B7E5A-C960-4E2E-A712-A400E771965A}.Debug|x86.Build.0 = Debug|Any CPU
		{982B7E5A-C960-4E2E-A712-A400E771965A}.Release|Any CPU.ActiveCfg = Release|Any CPU
		{982B7E5A-C960-4E2E-A712-A400E771965A}.Release|Any CPU.Build.0 = Release|Any CPU
		{982B7E5A-C960-4E2E-A712-A400E771965A}.Release|x64.ActiveCfg = Release|Any CPU
		{982B7E5A-C960-4E2E-A712-A400E771965A}.Release|x64.Build.0 = Release|Any CPU
		{982B7E5A-C960-4E2E-A712-A400E771965A}.Release|x86.ActiveCfg = Release|Any CPU
		{982B7E5A-C960-4E2E-A712-A400E771965A}.Release|x86.Build.0 = Release|Any CPU
		{F6AF7D88-C16C-4312-985A-9355027CB490}.Debug|Any CPU.ActiveCfg = Debug|Any CPU
		{F6AF7D88-C16C-4312-985A-9355027CB490}.Debug|Any CPU.Build.0 = Debug|Any CPU
		{F6AF7D88-C16C-4312-985A-9355027CB490}.Debug|x64.ActiveCfg = Debug|x64
		{F6AF7D88-C16C-4312-985A-9355027CB490}.Debug|x64.Build.0 = Debug|x64
		{F6AF7D88-C16C-4312-985A-9355027CB490}.Debug|x86.ActiveCfg = Debug|x86
		{F6AF7D88-C16C-4312-985A-9355027CB490}.Debug|x86.Build.0 = Debug|x86
		{F6AF7D88-C16C-4312-985A-9355027CB490}.Release|Any CPU.ActiveCfg = Release|Any CPU
		{F6AF7D88-C16C-4312-985A-9355027CB490}.Release|Any CPU.Build.0 = Release|Any CPU
		{F6AF7D88-C16C-4312-985A-9355027CB490}.Release|x64.ActiveCfg = Release|x64
		{F6AF7D88-C16C-4312-985A-9355027CB490}.Release|x64.Build.0 = Release|x64
		{F6AF7D88-C16C-4312-985A-9355027CB490}.Release|x86.ActiveCfg = Release|x86
		{F6AF7D88-C16C-4312-985A-9355027CB490}.Release|x86.Build.0 = Release|x86
		{102D9FDD-C96A-4AA7-BC02-77826253DD6F}.Debug|Any CPU.ActiveCfg = Debug|Any CPU
		{102D9FDD-C96A-4AA7-BC02-77826253DD6F}.Debug|Any CPU.Build.0 = Debug|Any CPU
		{102D9FDD-C96A-4AA7-BC02-77826253DD6F}.Debug|x64.ActiveCfg = Debug|Any CPU
		{102D9FDD-C96A-4AA7-BC02-77826253DD6F}.Debug|x64.Build.0 = Debug|Any CPU
		{102D9FDD-C96A-4AA7-BC02-77826253DD6F}.Debug|x86.ActiveCfg = Debug|Any CPU
		{102D9FDD-C96A-4AA7-BC02-77826253DD6F}.Debug|x86.Build.0 = Debug|Any CPU
		{102D9FDD-C96A-4AA7-BC02-77826253DD6F}.Release|Any CPU.ActiveCfg = Release|Any CPU
		{102D9FDD-C96A-4AA7-BC02-77826253DD6F}.Release|Any CPU.Build.0 = Release|Any CPU
		{102D9FDD-C96A-4AA7-BC02-77826253DD6F}.Release|x64.ActiveCfg = Release|Any CPU
		{102D9FDD-C96A-4AA7-BC02-77826253DD6F}.Release|x64.Build.0 = Release|Any CPU
		{102D9FDD-C96A-4AA7-BC02-77826253DD6F}.Release|x86.ActiveCfg = Release|Any CPU
		{102D9FDD-C96A-4AA7-BC02-77826253DD6F}.Release|x86.Build.0 = Release|Any CPU
		{85A7593E-3EC9-4B31-99F5-CA526B825F08}.Debug|Any CPU.ActiveCfg = Debug|Any CPU
		{85A7593E-3EC9-4B31-99F5-CA526B825F08}.Debug|Any CPU.Build.0 = Debug|Any CPU
		{85A7593E-3EC9-4B31-99F5-CA526B825F08}.Debug|x64.ActiveCfg = Debug|Any CPU
		{85A7593E-3EC9-4B31-99F5-CA526B825F08}.Debug|x64.Build.0 = Debug|Any CPU
		{85A7593E-3EC9-4B31-99F5-CA526B825F08}.Debug|x86.ActiveCfg = Debug|Any CPU
		{85A7593E-3EC9-4B31-99F5-CA526B825F08}.Debug|x86.Build.0 = Debug|Any CPU
		{85A7593E-3EC9-4B31-99F5-CA526B825F08}.Release|Any CPU.ActiveCfg = Release|Any CPU
		{85A7593E-3EC9-4B31-99F5-CA526B825F08}.Release|Any CPU.Build.0 = Release|Any CPU
		{85A7593E-3EC9-4B31-99F5-CA526B825F08}.Release|x64.ActiveCfg = Release|Any CPU
		{85A7593E-3EC9-4B31-99F5-CA526B825F08}.Release|x64.Build.0 = Release|Any CPU
		{85A7593E-3EC9-4B31-99F5-CA526B825F08}.Release|x86.ActiveCfg = Release|Any CPU
		{85A7593E-3EC9-4B31-99F5-CA526B825F08}.Release|x86.Build.0 = Release|Any CPU
		{0D75ECD7-ECAC-4822-ADF1-0CCC3524323D}.Debug|Any CPU.ActiveCfg = Debug|Any CPU
		{0D75ECD7-ECAC-4822-ADF1-0CCC3524323D}.Debug|Any CPU.Build.0 = Debug|Any CPU
		{0D75ECD7-ECAC-4822-ADF1-0CCC3524323D}.Debug|x64.ActiveCfg = Debug|Any CPU
		{0D75ECD7-ECAC-4822-ADF1-0CCC3524323D}.Debug|x64.Build.0 = Debug|Any CPU
		{0D75ECD7-ECAC-4822-ADF1-0CCC3524323D}.Debug|x86.ActiveCfg = Debug|Any CPU
		{0D75ECD7-ECAC-4822-ADF1-0CCC3524323D}.Debug|x86.Build.0 = Debug|Any CPU
		{0D75ECD7-ECAC-4822-ADF1-0CCC3524323D}.Release|Any CPU.ActiveCfg = Release|Any CPU
		{0D75ECD7-ECAC-4822-ADF1-0CCC3524323D}.Release|Any CPU.Build.0 = Release|Any CPU
		{0D75ECD7-ECAC-4822-ADF1-0CCC3524323D}.Release|x64.ActiveCfg = Release|Any CPU
		{0D75ECD7-ECAC-4822-ADF1-0CCC3524323D}.Release|x64.Build.0 = Release|Any CPU
		{0D75ECD7-ECAC-4822-ADF1-0CCC3524323D}.Release|x86.ActiveCfg = Release|Any CPU
		{0D75ECD7-ECAC-4822-ADF1-0CCC3524323D}.Release|x86.Build.0 = Release|Any CPU
	EndGlobalSection
	GlobalSection(SolutionProperties) = preSolution
		HideSolutionNode = FALSE
	EndGlobalSection
	GlobalSection(ExtensibilityGlobals) = postSolution
		SolutionGuid = {A10F8480-645D-4166-A4FB-00E43A75E68A}
	EndGlobalSection
EndGlobal
