
Microsoft Visual Studio Solution File, Format Version 12.00
# Visual Studio Version 16
VisualStudioVersion = 16.0.30225.117
MinimumVisualStudioVersion = 10.0.40219.1
Project("{9A19103F-16F7-4668-BE54-9A1E7A4F7556}") = "DfuUpdater", "DfuUpdater\DfuUpdater.csproj", "{982B7E5A-C960-4E2E-A712-A400E771965A}"
EndProject
Project("{9A19103F-16F7-4668-BE54-9A1E7A4F7556}") = "DfuUpdaterExample", "DfuUpdaterExample\DfuUpdaterExample.csproj", "{0D75ECD7-ECAC-4822-ADF1-0CCC3524323D}"
EndProject
Global
	GlobalSection(SolutionConfigurationPlatforms) = preSolution
		Debug|Any CPU = Debug|Any CPU
		Debug|x64 = Debug|x64
		Debug|x86 = Debug|x86
		Release|Any CPU = Release|Any CPU
		Release|x64 = Release|x64
		Release|x86 = Release|x86
	EndGlobalSection
	GlobalSection(ProjectConfigurationPlatforms) = postSolution
		{982B7E5A-C960-4E2E-A712-A400E771965A}.Debug|Any CPU.ActiveCfg = Debug|Any CPU
		{982B7E5A-C960-4E2E-A712-A400E771965A}.Debug|Any CPU.Build.0 = Debug|Any CPU
		{982B7E5A-C960-4E2E-A712-A400E771965A}.Debug|x64.ActiveCfg = Debug|Any CPU
		{982B7E5A-C960-4E2E-A712-A400E771965A}.Debug|x64.Build.0 = Debug|Any CPU
		{982B7E5A-C960-4E2E-A712-A400E771965A}.Debug|x86.ActiveCfg = Debug|Any CPU
		{982B7E5A-C960-4E2E-A712-A400E771965A}.Debug|x86.Build.0 = Debug|Any CPU
		{982B7E5A-C960-4E2E-A712-A400E771965A}.Release|Any CPU.ActiveCfg = Release|Any CPU
		{982B7E5A-C960-4E2E-A712-A400E771965A}.Release|Any CPU.Build.0 = Release|Any CPU
		{982B7E5A-C960-4E2E-A712-A400E771965A}.Release|x64.ActiveCfg = Release|Any CPU
		{982B7E5A-C960-4E2E-A712-A400E771965A}.Release|x64.Build.0 = Release|Any CPU
		{982B7E5A-C960-4E2E-A712-A400E771965A}.Release|x86.ActiveCfg = Release|Any CPU
		{982B7E5A-C960-4E2E-A712-A400E771965A}.Release|x86.Build.0 = Release|Any CPU
		{0D75ECD7-ECAC-4822-ADF1-0CCC3524323D}.Debug|Any CPU.ActiveCfg = Debug|Any CPU
		{0D75ECD7-ECAC-4822-ADF1-0CCC3524323D}.Debug|Any CPU.Build.0 = Debug|Any CPU
		{0D75ECD7-ECAC-4822-ADF1-0CCC3524323D}.Debug|x64.ActiveCfg = Debug|Any CPU
		{0D75ECD7-ECAC-4822-ADF1-0CCC3524323D}.Debug|x64.Build.0 = Debug|Any CPU
		{0D75ECD7-ECAC-4822-ADF1-0CCC3524323D}.Debug|x86.ActiveCfg = Debug|Any CPU
		{0D75ECD7-ECAC-4822-ADF1-0CCC3524323D}.Debug|x86.Build.0 = Debug|Any CPU
		{0D75ECD7-ECAC-4822-ADF1-0CCC3524323D}.Release|Any CPU.ActiveCfg = Release|Any CPU
		{0D75ECD7-ECAC-4822-ADF1-0CCC3524323D}.Release|Any CPU.Build.0 = Release|Any CPU
		{0D75ECD7-ECAC-4822-ADF1-0CCC3524323D}.Release|x64.ActiveCfg = Release|Any CPU
		{0D75ECD7-ECAC-4822-ADF1-0CCC3524323D}.Release|x64.Build.0 = Release|Any CPU
		{0D75ECD7-ECAC-4822-ADF1-0CCC3524323D}.Release|x86.ActiveCfg = Release|Any CPU
		{0D75ECD7-ECAC-4822-ADF1-0CCC3524323D}.Release|x86.Build.0 = Release|Any CPU
	EndGlobalSection
	GlobalSection(SolutionProperties) = preSolution
		HideSolutionNode = FALSE
	EndGlobalSection
	GlobalSection(ExtensibilityGlobals) = postSolution
		SolutionGuid = {A10F8480-645D-4166-A4FB-00E43A75E68A}
	EndGlobalSection
EndGlobal
